<?xml version="1.0" encoding="utf-8"?>
<Project ToolsVersion="4.0" xmlns="http://schemas.microsoft.com/developer/msbuild/2003">
  <ItemGroup>
    <ClCompile Include="..\fparser\fparser.cc">
      <Filter>fparser</Filter>
    </ClCompile>
    <ClCompile Include="..\libcpuid\cpuid_main.c">
      <Filter>libcpuid</Filter>
    </ClCompile>
    <ClCompile Include="..\libcpuid\libcpuid_util.c">
      <Filter>libcpuid</Filter>
    </ClCompile>
    <ClCompile Include="..\libcpuid\asm-bits.c">
      <Filter>libcpuid</Filter>
    </ClCompile>
    <ClCompile Include="..\MathExpr\mathexpr.cpp">
      <Filter>mathexpr</Filter>
    </ClCompile>
    <ClCompile Include="..\MTParser\MTParserLib\MTParser.cpp">
      <Filter>mtparser</Filter>
    </ClCompile>
    <ClCompile Include="..\MTParser\MTParserLib\MTParserCompiler.cpp">
      <Filter>mtparser</Filter>
    </ClCompile>
    <ClCompile Include="..\MTParser\MTParserLib\MTParserExcepStrEng.cpp">
      <Filter>mtparser</Filter>
    </ClCompile>
    <ClCompile Include="..\MTParser\MTParserLib\MTParserMacroFunc.cpp">
      <Filter>mtparser</Filter>
    </ClCompile>
    <ClCompile Include="..\MTParser\MTParserLib\MTParserRegistrar.cpp">
      <Filter>mtparser</Filter>
    </ClCompile>
    <ClCompile Include="..\MTParser\MTParserLib\MTTools.cpp">
      <Filter>mtparser</Filter>
    </ClCompile>
    <ClCompile Include="..\MTParser\MTParserLib\MTUnicodeANSIDefs.cpp">
      <Filter>mtparser</Filter>
    </ClCompile>
    <ClCompile Include="..\muparserx\mpError.cpp">
      <Filter>muparserx</Filter>
    </ClCompile>
    <ClCompile Include="..\muparserx\mpFuncCmplx.cpp">
      <Filter>muparserx</Filter>
    </ClCompile>
    <ClCompile Include="..\muparserx\mpFuncCommon.cpp">
      <Filter>muparserx</Filter>
    </ClCompile>
    <ClCompile Include="..\muparserx\mpFuncMatrix.cpp">
      <Filter>muparserx</Filter>
    </ClCompile>
    <ClCompile Include="..\muparserx\mpFuncNonCmplx.cpp">
      <Filter>muparserx</Filter>
    </ClCompile>
    <ClCompile Include="..\muparserx\mpFuncStr.cpp">
      <Filter>muparserx</Filter>
    </ClCompile>
    <ClCompile Include="..\muparserx\mpICallback.cpp">
      <Filter>muparserx</Filter>
    </ClCompile>
    <ClCompile Include="..\muparserx\mpIfThenElse.cpp">
      <Filter>muparserx</Filter>
    </ClCompile>
    <ClCompile Include="..\muparserx\mpIOprt.cpp">
      <Filter>muparserx</Filter>
    </ClCompile>
    <ClCompile Include="..\muparserx\mpIPackage.cpp">
      <Filter>muparserx</Filter>
    </ClCompile>
    <ClCompile Include="..\muparserx\mpOprtBinAssign.cpp">
      <Filter>muparserx</Filter>
    </ClCompile>
    <ClCompile Include="..\muparserx\mpOprtBinCommon.cpp">
      <Filter>muparserx</Filter>
    </ClCompile>
    <ClCompile Include="..\muparserx\mpOprtCmplx.cpp">
      <Filter>muparserx</Filter>
    </ClCompile>
    <ClCompile Include="..\muparserx\mpOprtIndex.cpp">
      <Filter>muparserx</Filter>
    </ClCompile>
    <ClCompile Include="..\muparserx\mpOprtMatrix.cpp">
      <Filter>muparserx</Filter>
    </ClCompile>
    <ClCompile Include="..\muparserx\mpOprtNonCmplx.cpp">
      <Filter>muparserx</Filter>
    </ClCompile>
    <ClCompile Include="..\muparserx\mpOprtPostfixCommon.cpp">
      <Filter>muparserx</Filter>
    </ClCompile>
    <ClCompile Include="..\muparserx\mpPackageCmplx.cpp">
      <Filter>muparserx</Filter>
    </ClCompile>
    <ClCompile Include="..\muparserx\mpPackageCommon.cpp">
      <Filter>muparserx</Filter>
    </ClCompile>
    <ClCompile Include="..\muparserx\mpPackageMatrix.cpp">
      <Filter>muparserx</Filter>
    </ClCompile>
    <ClCompile Include="..\muparserx\mpPackageNonCmplx.cpp">
      <Filter>muparserx</Filter>
    </ClCompile>
    <ClCompile Include="..\muparserx\mpPackageStr.cpp">
      <Filter>muparserx</Filter>
    </ClCompile>
    <ClCompile Include="..\muparserx\mpPackageUnit.cpp">
      <Filter>muparserx</Filter>
    </ClCompile>
    <ClCompile Include="..\muparserx\mpParser.cpp">
      <Filter>muparserx</Filter>
    </ClCompile>
    <ClCompile Include="..\muparserx\mpParserBase.cpp">
      <Filter>muparserx</Filter>
    </ClCompile>
    <ClCompile Include="..\muparserx\mpIValue.cpp">
      <Filter>muparserx</Filter>
    </ClCompile>
    <ClCompile Include="..\muparserx\mpIValReader.cpp">
      <Filter>muparserx</Filter>
    </ClCompile>
    <ClCompile Include="..\muparserx\mpIToken.cpp">
      <Filter>muparserx</Filter>
    </ClCompile>
    <ClCompile Include="..\muparserx\mpParserMessageProvider.cpp">
      <Filter>muparserx</Filter>
    </ClCompile>
    <ClCompile Include="..\muparserx\mpRPN.cpp">
      <Filter>muparserx</Filter>
    </ClCompile>
    <ClCompile Include="..\muparserx\mpScriptTokens.cpp">
      <Filter>muparserx</Filter>
    </ClCompile>
    <ClCompile Include="..\muparserx\mpTest.cpp">
      <Filter>muparserx</Filter>
    </ClCompile>
    <ClCompile Include="..\muparserx\mpTokenReader.cpp">
      <Filter>muparserx</Filter>
    </ClCompile>
    <ClCompile Include="..\muparserx\mpValReader.cpp">
      <Filter>muparserx</Filter>
    </ClCompile>
    <ClCompile Include="..\muparserx\mpValue.cpp">
      <Filter>muparserx</Filter>
    </ClCompile>
    <ClCompile Include="..\muparserx\mpValueCache.cpp">
      <Filter>muparserx</Filter>
    </ClCompile>
    <ClCompile Include="..\muparserx\mpVariable.cpp">
      <Filter>muparserx</Filter>
    </ClCompile>
    <ClCompile Include="..\muparser2\muParser.cpp">
      <Filter>muparser2</Filter>
    </ClCompile>
    <ClCompile Include="..\muparser2\muParserBase.cpp">
      <Filter>muparser2</Filter>
    </ClCompile>
    <ClCompile Include="..\muparser2\muParserBytecode.cpp">
      <Filter>muparser2</Filter>
    </ClCompile>
    <ClCompile Include="..\muparser2\muParserCallback.cpp">
      <Filter>muparser2</Filter>
    </ClCompile>
    <ClCompile Include="..\muparser2\muParserError.cpp">
      <Filter>muparser2</Filter>
    </ClCompile>
    <ClCompile Include="..\muparser2\muParserTokenReader.cpp">
      <Filter>muparser2</Filter>
    </ClCompile>
    <ClCompile Include="..\libcpuid\recog_intel.c">
      <Filter>libcpuid</Filter>
    </ClCompile>
    <ClCompile Include="..\libcpuid\recog_amd.c">
      <Filter>libcpuid</Filter>
    </ClCompile>
    <ClCompile Include="..\libcpuid\rdtsc.c">
      <Filter>libcpuid</Filter>
    </ClCompile>
    <ClCompile Include="..\src\BenchATMSP.cpp" />
    <ClCompile Include="..\src\BenchChaiScript.cpp" />
    <ClCompile Include="..\src\BenchExprTk.cpp" />
    <ClCompile Include="..\src\BenchExprTkFloat.cpp" />
    <ClCompile Include="..\src\BenchExprTkMPFR.cpp" />
    <ClCompile Include="..\src\BenchFParser.cpp" />
    <ClCompile Include="..\src\BenchLepton.cpp" />
    <ClCompile Include="..\src\Benchmark.cpp" />
    <ClCompile Include="..\src\BenchMathExpr.cpp" />
    <ClCompile Include="..\src\BenchMTParser.cpp" />
    <ClCompile Include="..\src\BenchMuParser2.cpp" />
    <ClCompile Include="..\src\BenchMuParserSSE.cpp" />
    <ClCompile Include="..\src\BenchMuParserX.cpp" />
    <ClCompile Include="..\src\FormelGenerator.cpp" />
    <ClCompile Include="..\src\ParserBench.cpp" />
    <ClCompile Include="..\src\Stopwatch.cpp" />
    <ClCompile Include="..\src\cpuid.cpp">
      <Filter>libcpuid</Filter>
    </ClCompile>
    <ClCompile Include="..\lepton\CompiledExpression.cpp">
      <Filter>lepton</Filter>
    </ClCompile>
    <ClCompile Include="..\lepton\ExpressionProgram.cpp">
      <Filter>lepton</Filter>
    </ClCompile>
    <ClCompile Include="..\lepton\ExpressionTreeNode.cpp">
      <Filter>lepton</Filter>
    </ClCompile>
    <ClCompile Include="..\lepton\Operation.cpp">
      <Filter>lepton</Filter>
    </ClCompile>
    <ClCompile Include="..\lepton\ParsedExpression.cpp">
      <Filter>lepton</Filter>
    </ClCompile>
    <ClCompile Include="..\lepton\Parser.cpp">
      <Filter>lepton</Filter>
    </ClCompile>
    <ClCompile Include="..\src\BenchNative.cpp" />
    <ClCompile Include="..\muParserSSE\mecCallback.cpp">
      <Filter>muparsersse</Filter>
    </ClCompile>
    <ClCompile Include="..\muParserSSE\mecError.cpp">
      <Filter>muparsersse</Filter>
    </ClCompile>
    <ClCompile Include="..\muParserSSE\mecExprCompiler.cpp">
      <Filter>muparsersse</Filter>
    </ClCompile>
    <ClCompile Include="..\muParserSSE\mecParser.cpp">
      <Filter>muparsersse</Filter>
    </ClCompile>
    <ClCompile Include="..\muParserSSE\mecParserBase.cpp">
      <Filter>muparsersse</Filter>
    </ClCompile>
    <ClCompile Include="..\muParserSSE\mecReversePolishNotation.cpp">
      <Filter>muparsersse</Filter>
    </ClCompile>
    <ClCompile Include="..\muParserSSE\mecToken.cpp">
      <Filter>muparsersse</Filter>
    </ClCompile>
    <ClCompile Include="..\muParserSSE\mecTokenReader.cpp">
      <Filter>muparsersse</Filter>
    </ClCompile>
    <ClCompile Include="..\muParserSSE\mecUnitTest.cpp">
      <Filter>muparsersse</Filter>
    </ClCompile>
    <ClCompile Include="..\AsmJit\AssemblerX86X64.cpp">
      <Filter>asmjit</Filter>
    </ClCompile>
    <ClCompile Include="..\AsmJit\CompilerX86X64.cpp">
      <Filter>asmjit</Filter>
    </ClCompile>
    <ClCompile Include="..\AsmJit\CpuInfo.cpp">
      <Filter>asmjit</Filter>
    </ClCompile>
    <ClCompile Include="..\AsmJit\Defs.cpp">
      <Filter>asmjit</Filter>
    </ClCompile>
    <ClCompile Include="..\AsmJit\Lock.cpp">
      <Filter>asmjit</Filter>
    </ClCompile>
    <ClCompile Include="..\AsmJit\Logger.cpp">
      <Filter>asmjit</Filter>
    </ClCompile>
    <ClCompile Include="..\AsmJit\LoggerX86X64.cpp">
      <Filter>asmjit</Filter>
    </ClCompile>
    <ClCompile Include="..\AsmJit\LoggerX86X64Dump.cpp">
      <Filter>asmjit</Filter>
    </ClCompile>
    <ClCompile Include="..\AsmJit\MemoryManager.cpp">
      <Filter>asmjit</Filter>
    </ClCompile>
    <ClCompile Include="..\AsmJit\SerializerX86X64.cpp">
      <Filter>asmjit</Filter>
    </ClCompile>
    <ClCompile Include="..\AsmJit\Util.cpp">
      <Filter>asmjit</Filter>
    </ClCompile>
    <ClCompile Include="..\AsmJit\VirtualMemory.cpp">
      <Filter>asmjit</Filter>
    </ClCompile>
    <ClCompile Include="..\tinyexpr\tinyexpr.c">
      <Filter>tinyexpr</Filter>
    </ClCompile>
    <ClCompile Include="..\src\BenchTinyExpr.cpp" />
    <ClCompile Include="..\muParserSSE\muParserSSE.cpp">
      <Filter>muparsersse</Filter>
    </ClCompile>
  </ItemGroup>
  <ItemGroup>
    <ClInclude Include="..\chaiscript\chaiscript_threading.hpp">
      <Filter>chaiscript</Filter>
    </ClInclude>
    <ClInclude Include="..\chaiscript\chaiscript_stdlib.hpp">
      <Filter>chaiscript</Filter>
    </ClInclude>
    <ClInclude Include="..\chaiscript\language\chaiscript_prelude_docs.hpp">
      <Filter>chaiscript</Filter>
    </ClInclude>
    <ClInclude Include="..\chaiscript\language\chaiscript_parser.hpp">
      <Filter>chaiscript</Filter>
    </ClInclude>
    <ClInclude Include="..\chaiscript\language\chaiscript_eval.hpp">
      <Filter>chaiscript</Filter>
    </ClInclude>
    <ClInclude Include="..\chaiscript\chaiscript_defines.hpp">
      <Filter>chaiscript</Filter>
    </ClInclude>
    <ClInclude Include="..\chaiscript\language\chaiscript_common.hpp">
      <Filter>chaiscript</Filter>
    </ClInclude>
    <ClInclude Include="..\chaiscript\language\chaiscript_algebraic.hpp">
      <Filter>chaiscript</Filter>
    </ClInclude>
    <ClInclude Include="..\chaiscript\chaiscript.hpp">
      <Filter>chaiscript</Filter>
    </ClInclude>
    <ClInclude Include="..\chaiscript\language\chaiscript_engine.hpp">
      <Filter>chaiscript</Filter>
    </ClInclude>
    <ClInclude Include="..\chaiscript\language\chaiscript_prelude.hpp">
      <Filter>chaiscript</Filter>
    </ClInclude>
    <ClInclude Include="..\exprtk\exprtk.hpp">
      <Filter>exprtk</Filter>
    </ClInclude>
    <ClInclude Include="..\chaiscript\dispatchkit\bootstrap.hpp">
      <Filter>chaiscript</Filter>
    </ClInclude>
    <ClInclude Include="..\chaiscript\dispatchkit\bootstrap_stl.hpp">
      <Filter>chaiscript</Filter>
    </ClInclude>
    <ClInclude Include="..\chaiscript\dispatchkit\boxed_cast.hpp">
      <Filter>chaiscript</Filter>
    </ClInclude>
    <ClInclude Include="..\chaiscript\dispatchkit\boxed_cast_helper.hpp">
      <Filter>chaiscript</Filter>
    </ClInclude>
    <ClInclude Include="..\chaiscript\dispatchkit\boxed_number.hpp">
      <Filter>chaiscript</Filter>
    </ClInclude>
    <ClInclude Include="..\chaiscript\dispatchkit\boxed_value.hpp">
      <Filter>chaiscript</Filter>
    </ClInclude>
    <ClInclude Include="..\chaiscript\dispatchkit\bind_first.hpp">
      <Filter>chaiscript</Filter>
    </ClInclude>
    <ClInclude Include="..\chaiscript\dispatchkit\any.hpp">
      <Filter>chaiscript</Filter>
    </ClInclude>
    <ClInclude Include="..\chaiscript\dispatchkit\bad_boxed_cast.hpp">
      <Filter>chaiscript</Filter>
    </ClInclude>
    <ClInclude Include="..\chaiscript\dispatchkit\dynamic_cast_conversion.hpp">
      <Filter>chaiscript</Filter>
    </ClInclude>
    <ClInclude Include="..\chaiscript\dispatchkit\dynamic_object.hpp">
      <Filter>chaiscript</Filter>
    </ClInclude>
    <ClInclude Include="..\chaiscript\dispatchkit\exception_specification.hpp">
      <Filter>chaiscript</Filter>
    </ClInclude>
    <ClInclude Include="..\libcpuid\libcpuid.h">
      <Filter>libcpuid</Filter>
    </ClInclude>
    <ClInclude Include="..\libcpuid\libcpuid_constants.h">
      <Filter>libcpuid</Filter>
    </ClInclude>
    <ClInclude Include="..\libcpuid\libcpuid_types.h">
      <Filter>libcpuid</Filter>
    </ClInclude>
    <ClInclude Include="..\libcpuid\libcpuid_util.h">
      <Filter>libcpuid</Filter>
    </ClInclude>
    <ClInclude Include="..\libcpuid\asm-bits.h">
      <Filter>libcpuid</Filter>
    </ClInclude>
    <ClInclude Include="..\MathExpr\mathexpr.h">
      <Filter>mathexpr</Filter>
    </ClInclude>
    <ClInclude Include="..\MTParser\MTParserLib\MTUnicodeANSIDefs.h">
      <Filter>mtparser</Filter>
    </ClInclude>
    <ClInclude Include="..\MTParser\MTParserLib\MTParser.h">
      <Filter>mtparser</Filter>
    </ClInclude>
    <ClInclude Include="..\MTParser\MTParserLib\MTParserCompiler.h">
      <Filter>mtparser</Filter>
    </ClInclude>
    <ClInclude Include="..\MTParser\MTParserLib\MTParserDefFuncs.h">
      <Filter>mtparser</Filter>
    </ClInclude>
    <ClInclude Include="..\MTParser\MTParserLib\MTParserDefOps.h">
      <Filter>mtparser</Filter>
    </ClInclude>
    <ClInclude Include="..\MTParser\MTParserLib\MTParserExcepStrEng.h">
      <Filter>mtparser</Filter>
    </ClInclude>
    <ClInclude Include="..\MTParser\MTParserLib\MTParserException.h">
      <Filter>mtparser</Filter>
    </ClInclude>
    <ClInclude Include="..\MTParser\MTParserLib\MTParserRegistrar.h">
      <Filter>mtparser</Filter>
    </ClInclude>
    <ClInclude Include="..\MTParser\MTParserLib\MTTools.h">
      <Filter>mtparser</Filter>
    </ClInclude>
    <ClInclude Include="..\muparserx\mpDefines.h">
      <Filter>muparserx</Filter>
    </ClInclude>
    <ClInclude Include="..\muparserx\mpError.h">
      <Filter>muparserx</Filter>
    </ClInclude>
    <ClInclude Include="..\muparserx\mpFuncCmplx.h">
      <Filter>muparserx</Filter>
    </ClInclude>
    <ClInclude Include="..\muparserx\mpFuncCommon.h">
      <Filter>muparserx</Filter>
    </ClInclude>
    <ClInclude Include="..\muparserx\mpFuncMatrix.h">
      <Filter>muparserx</Filter>
    </ClInclude>
    <ClInclude Include="..\muparserx\mpFuncNonCmplx.h">
      <Filter>muparserx</Filter>
    </ClInclude>
    <ClInclude Include="..\muparserx\mpFuncStr.h">
      <Filter>muparserx</Filter>
    </ClInclude>
    <ClInclude Include="..\muparserx\mpFwdDecl.h">
      <Filter>muparserx</Filter>
    </ClInclude>
    <ClInclude Include="..\muparserx\mpICallback.h">
      <Filter>muparserx</Filter>
    </ClInclude>
    <ClInclude Include="..\muparserx\mpIfThenElse.h">
      <Filter>muparserx</Filter>
    </ClInclude>
    <ClInclude Include="..\muparserx\mpIOprt.h">
      <Filter>muparserx</Filter>
    </ClInclude>
    <ClInclude Include="..\muparserx\mpOprtBinAssign.h">
      <Filter>muparserx</Filter>
    </ClInclude>
    <ClInclude Include="..\muparserx\mpOprtBinCommon.h">
      <Filter>muparserx</Filter>
    </ClInclude>
    <ClInclude Include="..\muparserx\mpOprtCmplx.h">
      <Filter>muparserx</Filter>
    </ClInclude>
    <ClInclude Include="..\muparserx\mpOprtIndex.h">
      <Filter>muparserx</Filter>
    </ClInclude>
    <ClInclude Include="..\muparserx\mpOprtMatrix.h">
      <Filter>muparserx</Filter>
    </ClInclude>
    <ClInclude Include="..\muparserx\mpOprtNonCmplx.h">
      <Filter>muparserx</Filter>
    </ClInclude>
    <ClInclude Include="..\muparserx\mpOprtPostfixCommon.h">
      <Filter>muparserx</Filter>
    </ClInclude>
    <ClInclude Include="..\muparserx\mpPackageCmplx.h">
      <Filter>muparserx</Filter>
    </ClInclude>
    <ClInclude Include="..\muparserx\mpPackageCommon.h">
      <Filter>muparserx</Filter>
    </ClInclude>
    <ClInclude Include="..\muparserx\mpPackageMatrix.h">
      <Filter>muparserx</Filter>
    </ClInclude>
    <ClInclude Include="..\muparserx\mpPackageNonCmplx.h">
      <Filter>muparserx</Filter>
    </ClInclude>
    <ClInclude Include="..\muparserx\mpPackageStr.h">
      <Filter>muparserx</Filter>
    </ClInclude>
    <ClInclude Include="..\muparserx\mpPackageUnit.h">
      <Filter>muparserx</Filter>
    </ClInclude>
    <ClInclude Include="..\muparserx\mpParser.h">
      <Filter>muparserx</Filter>
    </ClInclude>
    <ClInclude Include="..\muparserx\mpMatrixError.h">
      <Filter>muparserx</Filter>
    </ClInclude>
    <ClInclude Include="..\muparserx\mpMatrix.h">
      <Filter>muparserx</Filter>
    </ClInclude>
    <ClInclude Include="..\muparserx\mpIValue.h">
      <Filter>muparserx</Filter>
    </ClInclude>
    <ClInclude Include="..\muparserx\mpIValReader.h">
      <Filter>muparserx</Filter>
    </ClInclude>
    <ClInclude Include="..\muparserx\mpIToken.h">
      <Filter>muparserx</Filter>
    </ClInclude>
    <ClInclude Include="..\muparserx\mpIPrecedence.h">
      <Filter>muparserx</Filter>
    </ClInclude>
    <ClInclude Include="..\muparserx\mpIPackage.h">
      <Filter>muparserx</Filter>
    </ClInclude>
    <ClInclude Include="..\muparserx\mpParserBase.h">
      <Filter>muparserx</Filter>
    </ClInclude>
    <ClInclude Include="..\muparserx\mpVariable.h">
      <Filter>muparserx</Filter>
    </ClInclude>
    <ClInclude Include="..\muparserx\mpParserMessageProvider.h">
      <Filter>muparserx</Filter>
    </ClInclude>
    <ClInclude Include="..\muparserx\mpRPN.h">
      <Filter>muparserx</Filter>
    </ClInclude>
    <ClInclude Include="..\muparserx\mpScriptTokens.h">
      <Filter>muparserx</Filter>
    </ClInclude>
    <ClInclude Include="..\muparserx\mpStack.h">
      <Filter>muparserx</Filter>
    </ClInclude>
    <ClInclude Include="..\muparserx\mpTest.h">
      <Filter>muparserx</Filter>
    </ClInclude>
    <ClInclude Include="..\muparserx\mpTokenReader.h">
      <Filter>muparserx</Filter>
    </ClInclude>
    <ClInclude Include="..\muparserx\mpTypes.h">
      <Filter>muparserx</Filter>
    </ClInclude>
    <ClInclude Include="..\muparserx\mpValReader.h">
      <Filter>muparserx</Filter>
    </ClInclude>
    <ClInclude Include="..\muparserx\mpValue.h">
      <Filter>muparserx</Filter>
    </ClInclude>
    <ClInclude Include="..\muparserx\mpValueCache.h">
      <Filter>muparserx</Filter>
    </ClInclude>
    <ClInclude Include="..\muparser2\muParserTokenReader.h">
      <Filter>muparser2</Filter>
    </ClInclude>
    <ClInclude Include="..\muparser2\muParser.h">
      <Filter>muparser2</Filter>
    </ClInclude>
    <ClInclude Include="..\muparser2\muParserBase.h">
      <Filter>muparser2</Filter>
    </ClInclude>
    <ClInclude Include="..\muparser2\muParserBytecode.h">
      <Filter>muparser2</Filter>
    </ClInclude>
    <ClInclude Include="..\muparser2\muParserCallback.h">
      <Filter>muparser2</Filter>
    </ClInclude>
    <ClInclude Include="..\muparser2\muParserDef.h">
      <Filter>muparser2</Filter>
    </ClInclude>
    <ClInclude Include="..\muparser2\muParserError.h">
      <Filter>muparser2</Filter>
    </ClInclude>
    <ClInclude Include="..\muparser2\muParserFixes.h">
      <Filter>muparser2</Filter>
    </ClInclude>
    <ClInclude Include="..\muparser2\muParserStack.h">
      <Filter>muparser2</Filter>
    </ClInclude>
    <ClInclude Include="..\muparser2\muParserTemplateMagic.h">
      <Filter>muparser2</Filter>
    </ClInclude>
    <ClInclude Include="..\muparser2\muParserToken.h">
      <Filter>muparser2</Filter>
    </ClInclude>
    <ClInclude Include="..\chaiscript\dispatchkit\function_call.hpp">
      <Filter>chaiscript</Filter>
    </ClInclude>
    <ClInclude Include="..\chaiscript\dispatchkit\function_call_detail.hpp">
      <Filter>chaiscript</Filter>
    </ClInclude>
    <ClInclude Include="..\chaiscript\dispatchkit\handle_return.hpp">
      <Filter>chaiscript</Filter>
    </ClInclude>
    <ClInclude Include="..\chaiscript\dispatchkit\proxy_constructors.hpp">
      <Filter>chaiscript</Filter>
    </ClInclude>
    <ClInclude Include="..\chaiscript\dispatchkit\proxy_functions.hpp">
      <Filter>chaiscript</Filter>
    </ClInclude>
    <ClInclude Include="..\chaiscript\dispatchkit\proxy_functions_detail.hpp">
      <Filter>chaiscript</Filter>
    </ClInclude>
    <ClInclude Include="..\libcpuid\recog_intel.h">
      <Filter>libcpuid</Filter>
    </ClInclude>
    <ClInclude Include="..\libcpuid\recog_amd.h">
      <Filter>libcpuid</Filter>
    </ClInclude>
    <ClInclude Include="..\chaiscript\dispatchkit\dispatchkit.hpp">
      <Filter>chaiscript</Filter>
    </ClInclude>
    <ClInclude Include="..\muParserSSE\muParserSSE.h">
      <Filter>muparsersse</Filter>
    </ClInclude>
    <ClInclude Include="..\chaiscript\dispatchkit\register_function.hpp">
      <Filter>chaiscript</Filter>
    </ClInclude>
    <ClInclude Include="..\chaiscript\utility\utility.hpp">
      <Filter>chaiscript</Filter>
    </ClInclude>
    <ClInclude Include="..\chaiscript\dispatchkit\operators.hpp">
      <Filter>chaiscript</Filter>
    </ClInclude>
    <ClInclude Include="..\muparserx\suSortPred.h">
      <Filter>muparserx</Filter>
    </ClInclude>
    <ClInclude Include="..\muparserx\suStringTokens.h">
      <Filter>muparserx</Filter>
    </ClInclude>
    <ClInclude Include="..\chaiscript\dispatchkit\type_info.hpp">
      <Filter>chaiscript</Filter>
    </ClInclude>
    <ClInclude Include="..\muparserx\utGeneric.h">
      <Filter>muparserx</Filter>
    </ClInclude>
    <ClInclude Include="..\mpfr\include\config.h">
      <Filter>mpfr</Filter>
    </ClInclude>
    <ClInclude Include="..\mpfr\include\gmp.h">
      <Filter>mpfr</Filter>
    </ClInclude>
    <ClInclude Include="..\mpfr\include\gmp-mparam.h">
      <Filter>mpfr</Filter>
    </ClInclude>
    <ClInclude Include="..\mpfr\include\gmpxx.h">
      <Filter>mpfr</Filter>
    </ClInclude>
    <ClInclude Include="..\mpfr\include\mpfr.h">
      <Filter>mpfr</Filter>
    </ClInclude>
    <ClInclude Include="..\mpfr\include\mpir.h">
      <Filter>mpfr</Filter>
    </ClInclude>
    <ClInclude Include="..\mpfr\include\mpirxx.h">
      <Filter>mpfr</Filter>
    </ClInclude>
    <ClInclude Include="..\mpfr\include\mpreal.h">
      <Filter>mpfr</Filter>
    </ClInclude>
    <ClInclude Include="..\exprtk\exprtk_mpfr_adaptor.hpp">
      <Filter>exprtk</Filter>
    </ClInclude>
    <ClInclude Include="..\include\BenchATMSP.h">
      <Filter>headers</Filter>
    </ClInclude>
    <ClInclude Include="..\include\BenchChaiScript.h">
      <Filter>headers</Filter>
    </ClInclude>
    <ClInclude Include="..\include\BenchExprTk.h">
      <Filter>headers</Filter>
    </ClInclude>
    <ClInclude Include="..\include\BenchExprTkFloat.h">
      <Filter>headers</Filter>
    </ClInclude>
    <ClInclude Include="..\include\BenchExprTkMPFR.h">
      <Filter>headers</Filter>
    </ClInclude>
    <ClInclude Include="..\include\BenchFParser.h">
      <Filter>headers</Filter>
    </ClInclude>
    <ClInclude Include="..\include\BenchLepton.h">
      <Filter>headers</Filter>
    </ClInclude>
    <ClInclude Include="..\include\Benchmark.h">
      <Filter>headers</Filter>
    </ClInclude>
    <ClInclude Include="..\include\BenchMathExpr.h">
      <Filter>headers</Filter>
    </ClInclude>
    <ClInclude Include="..\include\BenchMTParser.h">
      <Filter>headers</Filter>
    </ClInclude>
    <ClInclude Include="..\include\BenchMuParser2.h">
      <Filter>headers</Filter>
    </ClInclude>
    <ClInclude Include="..\include\BenchMuParserSSE.h">
      <Filter>headers</Filter>
    </ClInclude>
    <ClInclude Include="..\include\BenchMuParserX.h">
      <Filter>headers</Filter>
    </ClInclude>
    <ClInclude Include="..\include\FormelGenerator.h">
      <Filter>headers</Filter>
    </ClInclude>
    <ClInclude Include="..\include\Stopwatch.h">
      <Filter>headers</Filter>
    </ClInclude>
    <ClInclude Include="..\include\cpuid.h">
      <Filter>libcpuid</Filter>
    </ClInclude>
    <ClInclude Include="..\lepton\ExpressionProgram.h">
      <Filter>lepton</Filter>
    </ClInclude>
    <ClInclude Include="..\lepton\ExpressionTreeNode.h">
      <Filter>lepton</Filter>
    </ClInclude>
    <ClInclude Include="..\lepton\Lepton.h">
      <Filter>lepton</Filter>
    </ClInclude>
    <ClInclude Include="..\lepton\MSVC_erfc.h">
      <Filter>lepton</Filter>
    </ClInclude>
    <ClInclude Include="..\lepton\Parser.h">
      <Filter>lepton</Filter>
    </ClInclude>
    <ClInclude Include="..\lepton\windowsIncludes.h">
      <Filter>lepton</Filter>
    </ClInclude>
    <ClInclude Include="..\lepton\lepton\CompiledExpression.h">
      <Filter>lepton</Filter>
    </ClInclude>
    <ClInclude Include="..\lepton\lepton\CustomFunction.h">
      <Filter>lepton</Filter>
    </ClInclude>
    <ClInclude Include="..\lepton\lepton\Exception.h">
      <Filter>lepton</Filter>
    </ClInclude>
    <ClInclude Include="..\lepton\lepton\Operation.h">
      <Filter>lepton</Filter>
    </ClInclude>
    <ClInclude Include="..\lepton\lepton\ParsedExpression.h">
      <Filter>lepton</Filter>
    </ClInclude>
    <ClInclude Include="..\include\BenchNative.h">
      <Filter>headers</Filter>
    </ClInclude>
    <ClInclude Include="..\muParserSSE\mecCallback.h">
      <Filter>muparsersse</Filter>
    </ClInclude>
    <ClInclude Include="..\muParserSSE\mecDef.h">
      <Filter>muparsersse</Filter>
    </ClInclude>
    <ClInclude Include="..\muParserSSE\mecError.h">
      <Filter>muparsersse</Filter>
    </ClInclude>
    <ClInclude Include="..\muParserSSE\mecExprCompiler.h">
      <Filter>muparsersse</Filter>
    </ClInclude>
    <ClInclude Include="..\muParserSSE\mecParser.h">
      <Filter>muparsersse</Filter>
    </ClInclude>
    <ClInclude Include="..\muParserSSE\mecParserBase.h">
      <Filter>muparsersse</Filter>
    </ClInclude>
    <ClInclude Include="..\muParserSSE\mecReversePolishNotation.h">
      <Filter>muparsersse</Filter>
    </ClInclude>
    <ClInclude Include="..\muParserSSE\mecStack.h">
      <Filter>muparsersse</Filter>
    </ClInclude>
    <ClInclude Include="..\muParserSSE\mecToken.h">
      <Filter>muparsersse</Filter>
    </ClInclude>
    <ClInclude Include="..\muParserSSE\mecTokenReader.h">
      <Filter>muparsersse</Filter>
    </ClInclude>
    <ClInclude Include="..\muParserSSE\mecUnitTest.h">
      <Filter>muparsersse</Filter>
    </ClInclude>
    <ClInclude Include="..\AsmJit\AsmJit.h">
      <Filter>asmjit</Filter>
    </ClInclude>
    <ClInclude Include="..\AsmJit\Assembler.h">
      <Filter>asmjit</Filter>
    </ClInclude>
    <ClInclude Include="..\AsmJit\AssemblerX86X64.h">
      <Filter>asmjit</Filter>
    </ClInclude>
    <ClInclude Include="..\AsmJit\Build.h">
      <Filter>asmjit</Filter>
    </ClInclude>
    <ClInclude Include="..\AsmJit\Compiler.h">
      <Filter>asmjit</Filter>
    </ClInclude>
    <ClInclude Include="..\AsmJit\CompilerX86X64.h">
      <Filter>asmjit</Filter>
    </ClInclude>
    <ClInclude Include="..\AsmJit\Config.h">
      <Filter>asmjit</Filter>
    </ClInclude>
    <ClInclude Include="..\AsmJit\CpuInfo.h">
      <Filter>asmjit</Filter>
    </ClInclude>
    <ClInclude Include="..\AsmJit\Defs.h">
      <Filter>asmjit</Filter>
    </ClInclude>
    <ClInclude Include="..\AsmJit\DefsX86X64.h">
      <Filter>asmjit</Filter>
    </ClInclude>
    <ClInclude Include="..\AsmJit\Lock.h">
      <Filter>asmjit</Filter>
    </ClInclude>
    <ClInclude Include="..\AsmJit\Logger.h">
      <Filter>asmjit</Filter>
    </ClInclude>
    <ClInclude Include="..\AsmJit\LoggerX86X64.h">
      <Filter>asmjit</Filter>
    </ClInclude>
    <ClInclude Include="..\AsmJit\MemoryManager.h">
      <Filter>asmjit</Filter>
    </ClInclude>
    <ClInclude Include="..\AsmJit\Serializer.h">
      <Filter>asmjit</Filter>
    </ClInclude>
    <ClInclude Include="..\AsmJit\SerializerX86X64.h">
      <Filter>asmjit</Filter>
    </ClInclude>
    <ClInclude Include="..\AsmJit\Util.h">
      <Filter>asmjit</Filter>
    </ClInclude>
    <ClInclude Include="..\AsmJit\VirtualMemory.h">
      <Filter>asmjit</Filter>
    </ClInclude>
    <ClInclude Include="..\AsmJit\WarningsPop.h">
      <Filter>asmjit</Filter>
    </ClInclude>
    <ClInclude Include="..\AsmJit\WarningsPush.h">
      <Filter>asmjit</Filter>
    </ClInclude>
    <ClInclude Include="..\tinyexpr\tinyexpr.h">
      <Filter>tinyexpr</Filter>
    </ClInclude>
    <ClInclude Include="..\include\BenchTinyExpr.h">
      <Filter>headers</Filter>
    </ClInclude>
    <ClInclude Include="..\atmsp\atmsp.h">
      <Filter>atmsp</Filter>
    </ClInclude>
  </ItemGroup>
  <ItemGroup>
    <None Include="..\fparser\fparser.hh">
      <Filter>fparser</Filter>
    </None>
    <None Include="..\chaiscript\language\chaiscript_prelude.chai">
      <Filter>chaiscript</Filter>
    </None>
  </ItemGroup>
  <ItemGroup>
    <Filter Include="exprtk">
      <UniqueIdentifier>{c28ab40d-41c8-467e-b5c2-92d07af2607e}</UniqueIdentifier>
    </Filter>
    <Filter Include="fparser">
      <UniqueIdentifier>{9c5daf4d-6f56-4406-96a6-f2b8bf17e28e}</UniqueIdentifier>
    </Filter>
    <Filter Include="atmsp">
      <UniqueIdentifier>{e5240e10-86f9-4344-9abf-f7916671604a}</UniqueIdentifier>
    </Filter>
    <Filter Include="chaiscript">
      <UniqueIdentifier>{58983fac-53f7-469f-9366-b88fd1056d4d}</UniqueIdentifier>
    </Filter>
    <Filter Include="lepton">
      <UniqueIdentifier>{43d309e3-106f-4c92-998f-46007b9b7140}</UniqueIdentifier>
    </Filter>
    <Filter Include="headers">
      <UniqueIdentifier>{cce58da5-5a3c-467a-91be-14e814fc8310}</UniqueIdentifier>
    </Filter>
    <Filter Include="libcpuid">
      <UniqueIdentifier>{42ba0b45-daf4-478f-b4a6-3e94d1d1680b}</UniqueIdentifier>
    </Filter>
    <Filter Include="mtparser">
      <UniqueIdentifier>{954d0675-ef4b-4ec2-a70c-eafd3cf51e3a}</UniqueIdentifier>
    </Filter>
    <Filter Include="muparsersse">
      <UniqueIdentifier>{62022d91-0758-4c48-9ec1-357588124a4c}</UniqueIdentifier>
    </Filter>
    <Filter Include="muparserx">
      <UniqueIdentifier>{f7e6e6a7-b0d3-42e4-9929-52187ce2ce0d}</UniqueIdentifier>
    </Filter>
    <Filter Include="mathexpr">
      <UniqueIdentifier>{208371d7-843d-4242-932e-e69219f74637}</UniqueIdentifier>
    </Filter>
    <Filter Include="muparser2">
      <UniqueIdentifier>{087dd1b5-eba9-49b9-9c03-ba91dcda4f46}</UniqueIdentifier>
    </Filter>
    <Filter Include="mpfr">
      <UniqueIdentifier>{7d03bb0e-8cbc-4f3f-8619-2050f99cd007}</UniqueIdentifier>
    </Filter>
    <Filter Include="asmjit">
      <UniqueIdentifier>{64c71230-dd29-4c16-99e9-34d50edaf410}</UniqueIdentifier>
    </Filter>
    <Filter Include="tinyexpr">
      <UniqueIdentifier>{b1b43109-aa45-419d-bf8d-437e1b5cbab8}</UniqueIdentifier>
    </Filter>
  </ItemGroup>
</Project>